// !$*UTF8*$!
{
	archiveVersion = 1;
	classes = {
	};
	objectVersion = 56;
	objects = {

/* Begin PBXBuildFile section */
		B001 /* SoulFoundApp.swift */ = {isa = PBXBuildFile; fileRef = A001 /* SoulFoundApp.swift */; };
		B002 /* ContentView.swift */ = {isa = PBXBuildFile; fileRef = A002 /* ContentView.swift */; };
		B003 /* SearchView.swift */ = {isa = PBXBuildFile; fileRef = A003 /* SearchView.swift */; };
		B004 /* DownloadsView.swift */ = {isa = PBXBuildFile; fileRef = A004 /* DownloadsView.swift */; };
		B005 /* SoulseekClient.swift */ = {isa = PBXBuildFile; fileRef = A005 /* SoulseekClient.swift */; };
		B006 /* SearchManager.swift */ = {isa = PBXBuildFile; fileRef = A006 /* SearchManager.swift */; };
		B007 /* DownloadManager.swift */ = {isa = PBXBuildFile; fileRef = A007 /* DownloadManager.swift */; };
		B008 /* SearchResult.swift */ = {isa = PBXBuildFile; fileRef = A008 /* SearchResult.swift */; };
		B009 /* DownloadItem.swift */ = {isa = PBXBuildFile; fileRef = A009 /* DownloadItem.swift */; };
		B010 /* Assets.xcassets */ = {isa = PBXBuildFile; fileRef = A010 /* Assets.xcassets */; };
		B011 /* PeerConnectionManager.swift */ = {isa = PBXBuildFile; fileRef = A011b /* PeerConnectionManager.swift */; };
		B012 /* KeychainHelper.swift */ = {isa = PBXBuildFile; fileRef = A012 /* KeychainHelper.swift */; };
/* End PBXBuildFile section */

/* Begin PBXFileReference section */
		A001 /* SoulFoundApp.swift */ = {isa = PBXFileReference; lastKnownFileType = sourcecode.swift; path = SoulFoundApp.swift; sourceTree = "<group>"; };
		A002 /* ContentView.swift */ = {isa = PBXFileReference; lastKnownFileType = sourcecode.swift; name = ContentView.swift; path = Views/ContentView.swift; sourceTree = "<group>"; };
		A003 /* SearchView.swift */ = {isa = PBXFileReference; lastKnownFileType = sourcecode.swift; name = SearchView.swift; path = Views/SearchView.swift; sourceTree = "<group>"; };
		A004 /* DownloadsView.swift */ = {isa = PBXFileReference; lastKnownFileType = sourcecode.swift; name = DownloadsView.swift; path = Views/DownloadsView.swift; sourceTree = "<group>"; };
		A005 /* SoulseekClient.swift */ = {isa = PBXFileReference; lastKnownFileType = sourcecode.swift; name = SoulseekClient.swift; path = Network/SoulseekClient.swift; sourceTree = "<group>"; };
		A006 /* SearchManager.swift */ = {isa = PBXFileReference; lastKnownFileType = sourcecode.swift; name = SearchManager.swift; path = Network/SearchManager.swift; sourceTree = "<group>"; };
		A007 /* DownloadManager.swift */ = {isa = PBXFileReference; lastKnownFileType = sourcecode.swift; name = DownloadManager.swift; path = Network/DownloadManager.swift; sourceTree = "<group>"; };
		A008 /* SearchResult.swift */ = {isa = PBXFileReference; lastKnownFileType = sourcecode.swift; name = SearchResult.swift; path = Models/SearchResult.swift; sourceTree = "<group>"; };
		A009 /* DownloadItem.swift */ = {isa = PBXFileReference; lastKnownFileType = sourcecode.swift; name = DownloadItem.swift; path = Models/DownloadItem.swift; sourceTree = "<group>"; };
		A010 /* Assets.xcassets */ = {isa = PBXFileReference; lastKnownFileType = folder.assetcatalog; path = Assets.xcassets; sourceTree = "<group>"; };
		A011 /* Info.plist */ = {isa = PBXFileReference; lastKnownFileType = text.plist.xml; path = Info.plist; sourceTree = "<group>"; };
		A011b /* PeerConnectionManager.swift */ = {isa = PBXFileReference; lastKnownFileType = sourcecode.swift; name = PeerConnectionManager.swift; path = Network/PeerConnectionManager.swift; sourceTree = "<group>"; };
		A012 /* KeychainHelper.swift */ = {isa = PBXFileReference; lastKnownFileType = sourcecode.swift; name = KeychainHelper.swift; path = Network/KeychainHelper.swift; sourceTree = "<group>"; };
		PROD /* SoulFound.app */ = {isa = PBXFileReference; explicitFileType = wrapper.application; includeInIndex = 0; path = SoulFound.app; sourceTree = BUILT_PRODUCTS_DIR; };
/* End PBXFileReference section */

/* Begin PBXGroup section */
		ROOT = {
			isa = PBXGroup;
			children = (
				SRCGROUP /* SoulFound */,
				PRODGROUP /* Products */,
			);
			sourceTree = "<group>";
		};
		PRODGROUP /* Products */ = {
			isa = PBXGroup;
			children = (
				PROD /* SoulFound.app */,
			);
			name = Products;
			sourceTree = "<group>";
		};
		SRCGROUP /* SoulFound */ = {
			isa = PBXGroup;
			children = (
				A001 /* SoulFoundApp.swift */,
				A010 /* Assets.xcassets */,
				A011 /* Info.plist */,
				VIEWGROUP /* Views */,
				NETGROUP /* Network */,
				MODELGROUP /* Models */,
			);
			path = SoulFound;
			sourceTree = "<group>";
		};
		VIEWGROUP /* Views */ = {
			isa = PBXGroup;
			children = (
				A002 /* ContentView.swift */,
				A003 /* SearchView.swift */,
				A004 /* DownloadsView.swift */,
			);
			name = Views;
			sourceTree = "<group>";
		};
		NETGROUP /* Network */ = {
			isa = PBXGroup;
			children = (
				A005 /* SoulseekClient.swift */,
				A006 /* SearchManager.swift */,
				A007 /* DownloadManager.swift */,
				A011b /* PeerConnectionManager.swift */,
				A012 /* KeychainHelper.swift */,
			);
			name = Network;
			sourceTree = "<group>";
		};
		MODELGROUP /* Models */ = {
			isa = PBXGroup;
			children = (
				A008 /* SearchResult.swift */,
				A009 /* DownloadItem.swift */,
			);
			name = Models;
			sourceTree = "<group>";
		};
/* End PBXGroup section */

/* Begin PBXNativeTarget section */
		TARGET /* SoulFound */ = {
			isa = PBXNativeTarget;
			buildConfigurationList = BUILDCONFLIST /* Build configuration list for PBXNativeTarget "SoulFound" */;
			buildPhases = (
				SOURCEPHASE /* Sources */,
				RESOURCEPHASE /* Resources */,
			);
			buildRules = (
			);
			dependencies = (
			);
			name = SoulFound;
			productName = SoulFound;
			productReference = PROD /* SoulFound.app */;
			productType = "com.apple.product-type.application";
		};
/* End PBXNativeTarget section */

/* Begin PBXProject section */
		PROJECT /* Project object */ = {
			isa = PBXProject;
			attributes = {
				BuildIndependentTargetsInParallel = 1;
				LastSwiftUpdateCheck = 1500;
				LastUpgradeCheck = 1500;
				TargetAttributes = {
					TARGET = {
						CreatedOnToolsVersion = 15.0;
					};
				};
			};
			buildConfigurationList = PROJBUILDCONFLIST /* Build configuration list for PBXProject "SoulFound" */;
			compatibilityVersion = "Xcode 14.0";
			developmentRegion = en;
			hasScannedForEncodings = 0;
			knownRegions = (
				en,
				Base,
			);
			mainGroup = ROOT;
			productRefGroup = PRODGROUP /* Products */;
			projectDirPath = "";
			projectRoot = "";
			targets = (
				TARGET /* SoulFound */,
			);
		};
/* End PBXProject section */

/* Begin PBXResourcesBuildPhase section */
		RESOURCEPHASE /* Resources */ = {
			isa = PBXResourcesBuildPhase;
			buildActionMask = 2147483647;
			files = (
				B010 /* Assets.xcassets */,
			);
			runOnlyForDeploymentPostprocessing = 0;
		};
/* End PBXResourcesBuildPhase section */

/* Begin PBXSourcesBuildPhase section */
		SOURCEPHASE /* Sources */ = {
			isa = PBXSourcesBuildPhase;
			buildActionMask = 2147483647;
			files = (
				B001 /* SoulFoundApp.swift */,
				B002 /* ContentView.swift */,
				B003 /* SearchView.swift */,
				B004 /* DownloadsView.swift */,
				B005 /* SoulseekClient.swift */,
				B006 /* SearchManager.swift */,
				B007 /* DownloadManager.swift */,
				B008 /* SearchResult.swift */,
				B009 /* DownloadItem.swift */,
				B011 /* PeerConnectionManager.swift */,
				B012 /* KeychainHelper.swift */,
			);
			runOnlyForDeploymentPostprocessing = 0;
		};
/* End PBXSourcesBuildPhase section */

/* Begin XCBuildConfiguration section */
		PROJDEBUG /* Debug */ = {
			isa = XCBuildConfiguration;
			buildSettings = {
				ALWAYS_SEARCH_USER_PATHS = NO;
				CLANG_ANALYZER_NONNULL = YES;
				CLANG_CXX_LANGUAGE_STANDARD = "gnu++20";
				CLANG_ENABLE_MODULES = YES;
				CLANG_ENABLE_OBJC_ARC = YES;
				CLANG_ENABLE_OBJC_WEAK = YES;
				COPY_PHASE_STRIP = NO;
				DEBUG_INFORMATION_FORMAT = dwarf;
				ENABLE_STRICT_OBJC_MSGSEND = YES;
				ENABLE_TESTABILITY = YES;
				GCC_C_LANGUAGE_STANDARD = gnu17;
				GCC_DYNAMIC_NO_PIC = NO;
				GCC_OPTIMIZATION_LEVEL = 0;
				GCC_PREPROCESSOR_DEFINITIONS = (
					"DEBUG=1",
					"$(inherited)",
				);
				MTL_ENABLE_DEBUG_INFO = INCLUDE_SOURCE;
				MTL_FAST_MATH = YES;
				ONLY_ACTIVE_ARCH = YES;
				SWIFT_ACTIVE_COMPILATION_CONDITIONS = DEBUG;
				SWIFT_OPTIMIZATION_LEVEL = "-Onone";
			};
			name = Debug;
		};
		PROJRELEASE /* Release */ = {
			isa = XCBuildConfiguration;
			buildSettings = {
				ALWAYS_SEARCH_USER_PATHS = NO;
				CLANG_ANALYZER_NONNULL = YES;
				CLANG_CXX_LANGUAGE_STANDARD = "gnu++20";
				CLANG_ENABLE_MODULES = YES;
				CLANG_ENABLE_OBJC_ARC = YES;
				CLANG_ENABLE_OBJC_WEAK = YES;
				COPY_PHASE_STRIP = NO;
				DEBUG_INFORMATION_FORMAT = "dwarf-with-dsym";
				ENABLE_NS_ASSERTIONS = NO;
				ENABLE_STRICT_OBJC_MSGSEND = YES;
				GCC_C_LANGUAGE_STANDARD = gnu17;
				MTL_FAST_MATH = YES;
				SWIFT_COMPILATION_MODE = wholemodule;
				SWIFT_OPTIMIZATION_LEVEL = "-O";
			};
			name = Release;
		};
		TARGETDEBUG /* Debug */ = {
			isa = XCBuildConfiguration;
			buildSettings = {
				ASSETCATALOG_COMPILER_APPICON_NAME = "";
				ASSETCATALOG_COMPILER_GLOBAL_ACCENT_COLOR_NAME = "";
				CODE_SIGN_STYLE = Automatic;
				CURRENT_PROJECT_VERSION = 1;
				GENERATE_INFOPLIST_FILE = NO;
				INFOPLIST_FILE = SoulFound/Info.plist;
				IPHONEOS_DEPLOYMENT_TARGET = 17.0;
				LD_RUNPATH_SEARCH_PATHS = (
					"$(inherited)",
					"@executable_path/Frameworks",
				);
				MARKETING_VERSION = 0.1.0;
				PRODUCT_BUNDLE_IDENTIFIER = com.soulfound.app;
				PRODUCT_NAME = "$(TARGET_NAME)";
				SUPPORTED_PLATFORMS = iphoneos;
				SUPPORTS_MACCATALYST = NO;
				SWIFT_EMIT_LOC_STRINGS = YES;
				SWIFT_VERSION = 5.0;
				TARGETED_DEVICE_FAMILY = 1;
			};
			name = Debug;
		};
		TARGETRELEASE /* Release */ = {
			isa = XCBuildConfiguration;
			buildSettings = {
				ASSETCATALOG_COMPILER_APPICON_NAME = "";
				ASSETCATALOG_COMPILER_GLOBAL_ACCENT_COLOR_NAME = "";
				CODE_SIGN_STYLE = Automatic;
				CURRENT_PROJECT_VERSION = 1;
				GENERATE_INFOPLIST_FILE = NO;
				INFOPLIST_FILE = SoulFound/Info.plist;
				IPHONEOS_DEPLOYMENT_TARGET = 17.0;
				LD_RUNPATH_SEARCH_PATHS = (
					"$(inherited)",
					"@executable_path/Frameworks",
				);
				MARKETING_VERSION = 0.1.0;
				PRODUCT_BUNDLE_IDENTIFIER = com.soulfound.app;
				PRODUCT_NAME = "$(TARGET_NAME)";
				SUPPORTED_PLATFORMS = iphoneos;
				SUPPORTS_MACCATALYST = NO;
				SWIFT_EMIT_LOC_STRINGS = YES;
				SWIFT_VERSION = 5.0;
				TARGETED_DEVICE_FAMILY = 1;
			};
			name = Release;
		};
/* End XCBuildConfiguration section */

/* Begin XCConfigurationList section */
		PROJBUILDCONFLIST /* Build configuration list for PBXProject "SoulFound" */ = {
			isa = XCConfigurationList;
			buildConfigurations = (
				PROJDEBUG /* Debug */,
				PROJRELEASE /* Release */,
			);
			defaultConfigurationIsVisible = 0;
			defaultConfigurationName = Release;
		};
		BUILDCONFLIST /* Build configuration list for PBXNativeTarget "SoulFound" */ = {
			isa = XCConfigurationList;
			buildConfigurations = (
				TARGETDEBUG /* Debug */,
				TARGETRELEASE /* Release */,
			);
			defaultConfigurationIsVisible = 0;
			defaultConfigurationName = Release;
		};
/* End XCConfigurationList section */

	};
	rootObject = PROJECT /* Project object */;
}
